# This file is automatically @generated by Poetry 1.4.2 and should not be changed by hand.

[[package]]
name = "click"
version = "8.1.3"
description = "Composable command line interface toolkit"
category = "main"
optional = false
python-versions = ">=3.7"
files = [
    {file = "click-8.1.3-py3-none-any.whl", hash = "sha256:bb4d8133cb15a609f44e8213d9b391b0809795062913b383c62be0ee95b1db48"},
    {file = "click-8.1.3.tar.gz", hash = "sha256:7682dc8afb30297001674575ea00d1814d808d6a36af415a82bd481d37ba7b8e"},
]

[package.dependencies]
colorama = {version = "*", markers = "platform_system == \"Windows\""}

[[package]]
name = "colorama"
version = "0.4.4"
description = "Cross-platform colored terminal text."
category = "main"
optional = false
python-versions = ">=2.7, !=3.0.*, !=3.1.*, !=3.2.*, !=3.3.*, !=3.4.*"
files = [
    {file = "colorama-0.4.4-py2.py3-none-any.whl", hash = "sha256:9f47eda37229f68eee03b24b9748937c7dc3868f906e8ba69fbcbdd3bc5dc3e2"},
    {file = "colorama-0.4.4.tar.gz", hash = "sha256:5941b2b48a20143d2267e95b1c2a7603ce057ee39fd88e7329b0c292aa16869b"},
]

[[package]]
name = "duckdb"
version = "0.9.1"
description = "DuckDB embedded database"
category = "main"
optional = false
python-versions = ">=3.7.0"
files = [
    {file = "duckdb-0.9.1-cp310-cp310-macosx_10_9_universal2.whl", hash = "sha256:6c724e105ecd78c8d86b3c03639b24e1df982392fc836705eb007e4b1b488864"},
    {file = "duckdb-0.9.1-cp310-cp310-macosx_10_9_x86_64.whl", hash = "sha256:75f12c5a3086079fb6440122565f1762ef1a610a954f2d8081014c1dd0646e1a"},
    {file = "duckdb-0.9.1-cp310-cp310-macosx_11_0_arm64.whl", hash = "sha256:151f5410c32f8f8fe03bf23462b9604349bc0b4bd3a51049bbf5e6a482a435e8"},
    {file = "duckdb-0.9.1-cp310-cp310-manylinux_2_17_aarch64.manylinux2014_aarch64.whl", hash = "sha256:9c1d066fdae22b9b711b1603541651a378017645f9fbc4adc9764b2f3c9e9e4a"},
    {file = "duckdb-0.9.1-cp310-cp310-manylinux_2_17_x86_64.manylinux2014_x86_64.whl", hash = "sha256:1de56d8b7bd7a7653428c1bd4b8948316df488626d27e9c388194f2e0d1428d4"},
    {file = "duckdb-0.9.1-cp310-cp310-musllinux_1_1_x86_64.whl", hash = "sha256:1fb6cd590b1bb4e31fde8efd25fedfbfa19a86fa72789fa5b31a71da0d95bce4"},
    {file = "duckdb-0.9.1-cp310-cp310-win32.whl", hash = "sha256:1039e073714d668cef9069bb02c2a6756c7969cedda0bff1332520c4462951c8"},
    {file = "duckdb-0.9.1-cp310-cp310-win_amd64.whl", hash = "sha256:7e6ac4c28918e1d278a89ff26fd528882aa823868ed530df69d6c8a193ae4e41"},
    {file = "duckdb-0.9.1-cp311-cp311-macosx_10_9_universal2.whl", hash = "sha256:5eb750f2ee44397a61343f32ee9d9e8c8b5d053fa27ba4185d0e31507157f130"},
    {file = "duckdb-0.9.1-cp311-cp311-macosx_10_9_x86_64.whl", hash = "sha256:aea2a46881d75dc069a242cb164642d7a4f792889010fb98210953ab7ff48849"},
    {file = "duckdb-0.9.1-cp311-cp311-macosx_11_0_arm64.whl", hash = "sha256:ed3dcedfc7a9449b6d73f9a2715c730180056e0ba837123e7967be1cd3935081"},
    {file = "duckdb-0.9.1-cp311-cp311-manylinux_2_17_aarch64.manylinux2014_aarch64.whl", hash = "sha256:0c55397bed0087ec4445b96f8d55f924680f6d40fbaa7f2e35468c54367214a5"},
    {file = "duckdb-0.9.1-cp311-cp311-manylinux_2_17_x86_64.manylinux2014_x86_64.whl", hash = "sha256:3261696130f1cfb955735647c93297b4a6241753fb0de26c05d96d50986c6347"},
    {file = "duckdb-0.9.1-cp311-cp311-musllinux_1_1_x86_64.whl", hash = "sha256:64c04b1728e3e37cf93748829b5d1e028227deea75115bb5ead01c608ece44b1"},
    {file = "duckdb-0.9.1-cp311-cp311-win32.whl", hash = "sha256:12cf9fb441a32702e31534330a7b4d569083d46a91bf185e0c9415000a978789"},
    {file = "duckdb-0.9.1-cp311-cp311-win_amd64.whl", hash = "sha256:fdfd85575ce9540e593d5d25c9d32050bd636c27786afd7b776aae0f6432b55e"},
    {file = "duckdb-0.9.1-cp37-cp37m-macosx_10_9_x86_64.whl", hash = "sha256:704700a4b469e3bb1a7e85ac12e58037daaf2b555ef64a3fe2913ffef7bd585b"},
    {file = "duckdb-0.9.1-cp37-cp37m-manylinux_2_17_aarch64.manylinux2014_aarch64.whl", hash = "sha256:cf55b303b7b1a8c2165a96e609eb30484bc47481d94a5fb1e23123e728df0a74"},
    {file = "duckdb-0.9.1-cp37-cp37m-manylinux_2_17_x86_64.manylinux2014_x86_64.whl", hash = "sha256:b70e23c14746904ca5de316436e43a685eb769c67fe3dbfaacbd3cce996c5045"},
    {file = "duckdb-0.9.1-cp37-cp37m-musllinux_1_1_x86_64.whl", hash = "sha256:77379f7f1f8b4dc98e01f8f6f8f15a0858cf456e2385e22507f3cb93348a88f9"},
    {file = "duckdb-0.9.1-cp37-cp37m-win32.whl", hash = "sha256:92c8f738489838666cae9ef41703f8b16f660bb146970d1eba8b2c06cb3afa39"},
    {file = "duckdb-0.9.1-cp37-cp37m-win_amd64.whl", hash = "sha256:08c5484ac06ab714f745526d791141f547e2f5ac92f97a0a1b37dfbb3ea1bd13"},
    {file = "duckdb-0.9.1-cp38-cp38-macosx_10_9_universal2.whl", hash = "sha256:f66d3c07c7f6938d3277294677eb7dad75165e7c57c8dd505503fc5ef10f67ad"},
    {file = "duckdb-0.9.1-cp38-cp38-macosx_10_9_x86_64.whl", hash = "sha256:c38044e5f78c0c7b58e9f937dcc6c34de17e9ca6be42f9f8f1a5a239f7a847a5"},
    {file = "duckdb-0.9.1-cp38-cp38-macosx_11_0_arm64.whl", hash = "sha256:73bc0d715b79566b3ede00c367235cfcce67be0eddda06e17665c7a233d6854a"},
    {file = "duckdb-0.9.1-cp38-cp38-manylinux_2_17_aarch64.manylinux2014_aarch64.whl", hash = "sha256:d26622c3b4ea6a8328d95882059e3cc646cdc62d267d48d09e55988a3bba0165"},
    {file = "duckdb-0.9.1-cp38-cp38-manylinux_2_17_x86_64.manylinux2014_x86_64.whl", hash = "sha256:3367d10096ff2b7919cedddcf60d308d22d6e53e72ee2702f6e6ca03d361004a"},
    {file = "duckdb-0.9.1-cp38-cp38-musllinux_1_1_x86_64.whl", hash = "sha256:d88a119f1cb41911a22f08a6f084d061a8c864e28b9433435beb50a56b0d06bb"},
    {file = "duckdb-0.9.1-cp38-cp38-win32.whl", hash = "sha256:99567496e45b55c67427133dc916013e8eb20a811fc7079213f5f03b2a4f5fc0"},
    {file = "duckdb-0.9.1-cp38-cp38-win_amd64.whl", hash = "sha256:5b3da4da73422a3235c3500b3fb541ac546adb3e35642ef1119dbcd9cc7f68b8"},
    {file = "duckdb-0.9.1-cp39-cp39-macosx_10_9_universal2.whl", hash = "sha256:eca00c0c2062c0265c6c0e78ca2f6a30611b28f3afef062036610e9fc9d4a67d"},
    {file = "duckdb-0.9.1-cp39-cp39-macosx_10_9_x86_64.whl", hash = "sha256:eb5af8e89d40fc4baab1515787ea1520a6c6cf6aa40ab9f107df6c3a75686ce1"},
    {file = "duckdb-0.9.1-cp39-cp39-macosx_11_0_arm64.whl", hash = "sha256:9fae3d4f83ebcb47995f6acad7c6d57d003a9b6f0e1b31f79a3edd6feb377443"},
    {file = "duckdb-0.9.1-cp39-cp39-manylinux_2_17_aarch64.manylinux2014_aarch64.whl", hash = "sha256:16b9a7efc745bc3c5d1018c3a2f58d9e6ce49c0446819a9600fdba5f78e54c47"},
    {file = "duckdb-0.9.1-cp39-cp39-manylinux_2_17_x86_64.manylinux2014_x86_64.whl", hash = "sha256:66b0b60167f5537772e9f5af940e69dcf50e66f5247732b8bb84a493a9af6055"},
    {file = "duckdb-0.9.1-cp39-cp39-musllinux_1_1_x86_64.whl", hash = "sha256:4f27f5e94c47df6c4ccddf18e3277b7464eea3db07356d2c4bf033b5c88359b8"},
    {file = "duckdb-0.9.1-cp39-cp39-win32.whl", hash = "sha256:d43cd7e6f783006b59dcc5e40fcf157d21ee3d0c8dfced35278091209e9974d7"},
    {file = "duckdb-0.9.1-cp39-cp39-win_amd64.whl", hash = "sha256:e666795887d9cf1d6b6f6cbb9d487270680e5ff6205ebc54b2308151f13b8cff"},
    {file = "duckdb-0.9.1.tar.gz", hash = "sha256:603a878746015a3f2363a65eb48bcbec816261b6ee8d71eee53061117f6eef9d"},
]

[[package]]
name = "exceptiongroup"
version = "1.2.0"
description = "Backport of PEP 654 (exception groups)"
category = "dev"
optional = false
python-versions = ">=3.7"
files = [
    {file = "exceptiongroup-1.2.0-py3-none-any.whl", hash = "sha256:4bfd3996ac73b41e9b9628b04e079f193850720ea5945fc96a08633c66912f14"},
    {file = "exceptiongroup-1.2.0.tar.gz", hash = "sha256:91f5c769735f051a4290d52edd0858999b57e5876e9f85937691bd4c9fa3ed68"},
]

[package.extras]
test = ["pytest (>=6)"]

[[package]]
name = "greenlet"
version = "1.1.2"
description = "Lightweight in-process concurrent programming"
category = "main"
optional = false
python-versions = ">=2.7,!=3.0.*,!=3.1.*,!=3.2.*,!=3.3.*,!=3.4.*"
files = [
    {file = "greenlet-1.1.2-cp27-cp27m-macosx_10_14_x86_64.whl", hash = "sha256:58df5c2a0e293bf665a51f8a100d3e9956febfbf1d9aaf8c0677cf70218910c6"},
    {file = "greenlet-1.1.2-cp27-cp27m-manylinux1_x86_64.whl", hash = "sha256:aec52725173bd3a7b56fe91bc56eccb26fbdff1386ef123abb63c84c5b43b63a"},
    {file = "greenlet-1.1.2-cp27-cp27m-manylinux2010_x86_64.whl", hash = "sha256:833e1551925ed51e6b44c800e71e77dacd7e49181fdc9ac9a0bf3714d515785d"},
    {file = "greenlet-1.1.2-cp27-cp27m-win32.whl", hash = "sha256:aa5b467f15e78b82257319aebc78dd2915e4c1436c3c0d1ad6f53e47ba6e2713"},
    {file = "greenlet-1.1.2-cp27-cp27m-win_amd64.whl", hash = "sha256:40b951f601af999a8bf2ce8c71e8aaa4e8c6f78ff8afae7b808aae2dc50d4c40"},
    {file = "greenlet-1.1.2-cp27-cp27mu-manylinux1_x86_64.whl", hash = "sha256:95e69877983ea39b7303570fa6760f81a3eec23d0e3ab2021b7144b94d06202d"},
    {file = "greenlet-1.1.2-cp27-cp27mu-manylinux2010_x86_64.whl", hash = "sha256:356b3576ad078c89a6107caa9c50cc14e98e3a6c4874a37c3e0273e4baf33de8"},
    {file = "greenlet-1.1.2-cp310-cp310-macosx_10_14_x86_64.whl", hash = "sha256:8639cadfda96737427330a094476d4c7a56ac03de7265622fcf4cfe57c8ae18d"},
    {file = "greenlet-1.1.2-cp310-cp310-manylinux_2_17_aarch64.manylinux2014_aarch64.whl", hash = "sha256:97e5306482182170ade15c4b0d8386ded995a07d7cc2ca8f27958d34d6736497"},
    {file = "greenlet-1.1.2-cp310-cp310-manylinux_2_17_ppc64le.manylinux2014_ppc64le.whl", hash = "sha256:e6a36bb9474218c7a5b27ae476035497a6990e21d04c279884eb10d9b290f1b1"},
    {file = "greenlet-1.1.2-cp310-cp310-manylinux_2_17_x86_64.manylinux2014_x86_64.whl", hash = "sha256:abb7a75ed8b968f3061327c433a0fbd17b729947b400747c334a9c29a9af6c58"},
    {file = "greenlet-1.1.2-cp310-cp310-musllinux_1_1_x86_64.whl", hash = "sha256:b336501a05e13b616ef81ce329c0e09ac5ed8c732d9ba7e3e983fcc1a9e86965"},
    {file = "greenlet-1.1.2-cp310-cp310-win_amd64.whl", hash = "sha256:14d4f3cd4e8b524ae9b8aa567858beed70c392fdec26dbdb0a8a418392e71708"},
    {file = "greenlet-1.1.2-cp35-cp35m-macosx_10_14_x86_64.whl", hash = "sha256:17ff94e7a83aa8671a25bf5b59326ec26da379ace2ebc4411d690d80a7fbcf23"},
    {file = "greenlet-1.1.2-cp35-cp35m-manylinux1_x86_64.whl", hash = "sha256:9f3cba480d3deb69f6ee2c1825060177a22c7826431458c697df88e6aeb3caee"},
    {file = "greenlet-1.1.2-cp35-cp35m-manylinux2010_x86_64.whl", hash = "sha256:fa877ca7f6b48054f847b61d6fa7bed5cebb663ebc55e018fda12db09dcc664c"},
    {file = "greenlet-1.1.2-cp35-cp35m-win32.whl", hash = "sha256:7cbd7574ce8e138bda9df4efc6bf2ab8572c9aff640d8ecfece1b006b68da963"},
    {file = "greenlet-1.1.2-cp35-cp35m-win_amd64.whl", hash = "sha256:903bbd302a2378f984aef528f76d4c9b1748f318fe1294961c072bdc7f2ffa3e"},
    {file = "greenlet-1.1.2-cp36-cp36m-macosx_10_14_x86_64.whl", hash = "sha256:049fe7579230e44daef03a259faa24511d10ebfa44f69411d99e6a184fe68073"},
    {file = "greenlet-1.1.2-cp36-cp36m-manylinux1_x86_64.whl", hash = "sha256:dd0b1e9e891f69e7675ba5c92e28b90eaa045f6ab134ffe70b52e948aa175b3c"},
    {file = "greenlet-1.1.2-cp36-cp36m-manylinux2010_x86_64.whl", hash = "sha256:7418b6bfc7fe3331541b84bb2141c9baf1ec7132a7ecd9f375912eca810e714e"},
    {file = "greenlet-1.1.2-cp36-cp36m-manylinux_2_17_aarch64.manylinux2014_aarch64.whl", hash = "sha256:f9d29ca8a77117315101425ec7ec2a47a22ccf59f5593378fc4077ac5b754fce"},
    {file = "greenlet-1.1.2-cp36-cp36m-manylinux_2_17_ppc64le.manylinux2014_ppc64le.whl", hash = "sha256:21915eb821a6b3d9d8eefdaf57d6c345b970ad722f856cd71739493ce003ad08"},
    {file = "greenlet-1.1.2-cp36-cp36m-manylinux_2_17_x86_64.manylinux2014_x86_64.whl", hash = "sha256:eff9d20417ff9dcb0d25e2defc2574d10b491bf2e693b4e491914738b7908168"},
    {file = "greenlet-1.1.2-cp36-cp36m-musllinux_1_1_x86_64.whl", hash = "sha256:b8c008de9d0daba7b6666aa5bbfdc23dcd78cafc33997c9b7741ff6353bafb7f"},
    {file = "greenlet-1.1.2-cp36-cp36m-win32.whl", hash = "sha256:32ca72bbc673adbcfecb935bb3fb1b74e663d10a4b241aaa2f5a75fe1d1f90aa"},
    {file = "greenlet-1.1.2-cp36-cp36m-win_amd64.whl", hash = "sha256:f0214eb2a23b85528310dad848ad2ac58e735612929c8072f6093f3585fd342d"},
    {file = "greenlet-1.1.2-cp37-cp37m-macosx_10_14_x86_64.whl", hash = "sha256:b92e29e58bef6d9cfd340c72b04d74c4b4e9f70c9fa7c78b674d1fec18896dc4"},
    {file = "greenlet-1.1.2-cp37-cp37m-manylinux1_x86_64.whl", hash = "sha256:fdcec0b8399108577ec290f55551d926d9a1fa6cad45882093a7a07ac5ec147b"},
    {file = "greenlet-1.1.2-cp37-cp37m-manylinux2010_x86_64.whl", hash = "sha256:93f81b134a165cc17123626ab8da2e30c0455441d4ab5576eed73a64c025b25c"},
    {file = "greenlet-1.1.2-cp37-cp37m-manylinux_2_17_aarch64.manylinux2014_aarch64.whl", hash = "sha256:1e12bdc622676ce47ae9abbf455c189e442afdde8818d9da983085df6312e7a1"},
    {file = "greenlet-1.1.2-cp37-cp37m-manylinux_2_17_ppc64le.manylinux2014_ppc64le.whl", hash = "sha256:8c790abda465726cfb8bb08bd4ca9a5d0a7bd77c7ac1ca1b839ad823b948ea28"},
    {file = "greenlet-1.1.2-cp37-cp37m-manylinux_2_17_x86_64.manylinux2014_x86_64.whl", hash = "sha256:f276df9830dba7a333544bd41070e8175762a7ac20350786b322b714b0e654f5"},
    {file = "greenlet-1.1.2-cp37-cp37m-musllinux_1_1_x86_64.whl", hash = "sha256:8c5d5b35f789a030ebb95bff352f1d27a93d81069f2adb3182d99882e095cefe"},
    {file = "greenlet-1.1.2-cp37-cp37m-win32.whl", hash = "sha256:64e6175c2e53195278d7388c454e0b30997573f3f4bd63697f88d855f7a6a1fc"},
    {file = "greenlet-1.1.2-cp37-cp37m-win_amd64.whl", hash = "sha256:b11548073a2213d950c3f671aa88e6f83cda6e2fb97a8b6317b1b5b33d850e06"},
    {file = "greenlet-1.1.2-cp38-cp38-macosx_10_14_x86_64.whl", hash = "sha256:9633b3034d3d901f0a46b7939f8c4d64427dfba6bbc5a36b1a67364cf148a1b0"},
    {file = "greenlet-1.1.2-cp38-cp38-manylinux1_x86_64.whl", hash = "sha256:eb6ea6da4c787111adf40f697b4e58732ee0942b5d3bd8f435277643329ba627"},
    {file = "greenlet-1.1.2-cp38-cp38-manylinux2010_x86_64.whl", hash = "sha256:f3acda1924472472ddd60c29e5b9db0cec629fbe3c5c5accb74d6d6d14773478"},
    {file = "greenlet-1.1.2-cp38-cp38-manylinux_2_17_aarch64.manylinux2014_aarch64.whl", hash = "sha256:e859fcb4cbe93504ea18008d1df98dee4f7766db66c435e4882ab35cf70cac43"},
    {file = "greenlet-1.1.2-cp38-cp38-manylinux_2_17_ppc64le.manylinux2014_ppc64le.whl", hash = "sha256:00e44c8afdbe5467e4f7b5851be223be68adb4272f44696ee71fe46b7036a711"},
    {file = "greenlet-1.1.2-cp38-cp38-manylinux_2_17_x86_64.manylinux2014_x86_64.whl", hash = "sha256:ec8c433b3ab0419100bd45b47c9c8551248a5aee30ca5e9d399a0b57ac04651b"},
    {file = "greenlet-1.1.2-cp38-cp38-musllinux_1_1_x86_64.whl", hash = "sha256:2bde6792f313f4e918caabc46532aa64aa27a0db05d75b20edfc5c6f46479de2"},
    {file = "greenlet-1.1.2-cp38-cp38-win32.whl", hash = "sha256:288c6a76705dc54fba69fbcb59904ae4ad768b4c768839b8ca5fdadec6dd8cfd"},
    {file = "greenlet-1.1.2-cp38-cp38-win_amd64.whl", hash = "sha256:8d2f1fb53a421b410751887eb4ff21386d119ef9cde3797bf5e7ed49fb51a3b3"},
    {file = "greenlet-1.1.2-cp39-cp39-macosx_10_14_x86_64.whl", hash = "sha256:166eac03e48784a6a6e0e5f041cfebb1ab400b394db188c48b3a84737f505b67"},
    {file = "greenlet-1.1.2-cp39-cp39-manylinux1_x86_64.whl", hash = "sha256:572e1787d1460da79590bf44304abbc0a2da944ea64ec549188fa84d89bba7ab"},
    {file = "greenlet-1.1.2-cp39-cp39-manylinux2010_x86_64.whl", hash = "sha256:be5f425ff1f5f4b3c1e33ad64ab994eed12fc284a6ea71c5243fd564502ecbe5"},
    {file = "greenlet-1.1.2-cp39-cp39-manylinux_2_17_aarch64.manylinux2014_aarch64.whl", hash = "sha256:b1692f7d6bc45e3200844be0dba153612103db241691088626a33ff1f24a0d88"},
    {file = "greenlet-1.1.2-cp39-cp39-manylinux_2_17_ppc64le.manylinux2014_ppc64le.whl", hash = "sha256:7227b47e73dedaa513cdebb98469705ef0d66eb5a1250144468e9c3097d6b59b"},
    {file = "greenlet-1.1.2-cp39-cp39-manylinux_2_17_x86_64.manylinux2014_x86_64.whl", hash = "sha256:7ff61ff178250f9bb3cd89752df0f1dd0e27316a8bd1465351652b1b4a4cdfd3"},
    {file = "greenlet-1.1.2-cp39-cp39-musllinux_1_1_x86_64.whl", hash = "sha256:0051c6f1f27cb756ffc0ffbac7d2cd48cb0362ac1736871399a739b2885134d3"},
    {file = "greenlet-1.1.2-cp39-cp39-win32.whl", hash = "sha256:f70a9e237bb792c7cc7e44c531fd48f5897961701cdaa06cf22fc14965c496cf"},
    {file = "greenlet-1.1.2-cp39-cp39-win_amd64.whl", hash = "sha256:013d61294b6cd8fe3242932c1c5e36e5d1db2c8afb58606c5a67efce62c1f5fd"},
    {file = "greenlet-1.1.2.tar.gz", hash = "sha256:e30f5ea4ae2346e62cedde8794a56858a67b878dd79f7df76a0767e356b1744a"},
]

[package.extras]
docs = ["Sphinx"]

[[package]]
name = "iniconfig"
version = "2.0.0"
description = "brain-dead simple config-ini parsing"
category = "dev"
optional = false
python-versions = ">=3.7"
files = [
    {file = "iniconfig-2.0.0-py3-none-any.whl", hash = "sha256:b6a85871a79d2e3b22d2d1b94ac2824226a63c6b741c88f7ae975f18b6778374"},
    {file = "iniconfig-2.0.0.tar.gz", hash = "sha256:2d91e135bf72d31a410b17c16da610a82cb55f6b0477d1a902134b24a455b8b3"},
]

[[package]]
name = "packaging"
version = "24.0"
description = "Core utilities for Python packages"
category = "dev"
optional = false
python-versions = ">=3.7"
files = [
    {file = "packaging-24.0-py3-none-any.whl", hash = "sha256:2ddfb553fdf02fb784c234c7ba6ccc288296ceabec964ad2eae3777778130bc5"},
    {file = "packaging-24.0.tar.gz", hash = "sha256:eb82c5e3e56209074766e6885bb04b8c38a0c015d0a30036ebe7ece34c9989e9"},
]

[[package]]
name = "pluggy"
version = "1.4.0"
description = "plugin and hook calling mechanisms for python"
category = "dev"
optional = false
python-versions = ">=3.8"
files = [
    {file = "pluggy-1.4.0-py3-none-any.whl", hash = "sha256:7db9f7b503d67d1c5b95f59773ebb58a8c1c288129a88665838012cfb07b8981"},
    {file = "pluggy-1.4.0.tar.gz", hash = "sha256:8c85c2876142a764e5b7548e7d9a0e0ddb46f5185161049a79b7e974454223be"},
]

[package.extras]
dev = ["pre-commit", "tox"]
testing = ["pytest", "pytest-benchmark"]

[[package]]
name = "pytest"
version = "8.1.1"
description = "pytest: simple powerful testing with Python"
category = "dev"
optional = false
python-versions = ">=3.8"
files = [
    {file = "pytest-8.1.1-py3-none-any.whl", hash = "sha256:2a8386cfc11fa9d2c50ee7b2a57e7d898ef90470a7a34c4b949ff59662bb78b7"},
    {file = "pytest-8.1.1.tar.gz", hash = "sha256:ac978141a75948948817d360297b7aae0fcb9d6ff6bc9ec6d514b85d5a65c044"},
]

[package.dependencies]
colorama = {version = "*", markers = "sys_platform == \"win32\""}
exceptiongroup = {version = ">=1.0.0rc8", markers = "python_version < \"3.11\""}
iniconfig = "*"
packaging = "*"
pluggy = ">=1.4,<2.0"
tomli = {version = ">=1", markers = "python_version < \"3.11\""}

[package.extras]
testing = ["argcomplete", "attrs (>=19.2)", "hypothesis (>=3.56)", "mock", "pygments (>=2.7.2)", "requests", "setuptools", "xmlschema"]

[[package]]
name = "sqlalchemy"
version = "1.4.37"
description = "Database Abstraction Library"
category = "main"
optional = false
python-versions = "!=3.0.*,!=3.1.*,!=3.2.*,!=3.3.*,!=3.4.*,!=3.5.*,>=2.7"
files = [
    {file = "SQLAlchemy-1.4.37-cp27-cp27m-macosx_10_14_x86_64.whl", hash = "sha256:d9050b0c4a7f5538650c74aaba5c80cd64450e41c206f43ea6d194ae6d060ff9"},
    {file = "SQLAlchemy-1.4.37-cp27-cp27m-manylinux_2_5_x86_64.manylinux1_x86_64.whl", hash = "sha256:b4c92823889cf9846b972ee6db30c0e3a92c0ddfc76c6060a6cda467aa5fb694"},
    {file = "SQLAlchemy-1.4.37-cp27-cp27m-win32.whl", hash = "sha256:b55932fd0e81b43f4aff397c8ad0b3c038f540af37930423ab8f47a20b117e4c"},
    {file = "SQLAlchemy-1.4.37-cp27-cp27m-win_amd64.whl", hash = "sha256:4a17c1a1152ca4c29d992714aa9df3054da3af1598e02134f2e7314a32ef69d8"},
    {file = "SQLAlchemy-1.4.37-cp27-cp27mu-manylinux_2_5_x86_64.manylinux1_x86_64.whl", hash = "sha256:ffe487570f47536b96eff5ef2b84034a8ba4e19aab5ab7647e677d94a119ea55"},
    {file = "SQLAlchemy-1.4.37-cp310-cp310-macosx_10_15_x86_64.whl", hash = "sha256:78363f400fbda80f866e8e91d37d36fe6313ff847ded08674e272873c1377ea5"},
    {file = "SQLAlchemy-1.4.37-cp310-cp310-manylinux_2_17_aarch64.manylinux2014_aarch64.whl", hash = "sha256:7ee34c85cbda7779d66abac392c306ec78c13f5c73a1f01b8b767916d4895d23"},
    {file = "SQLAlchemy-1.4.37-cp310-cp310-manylinux_2_5_x86_64.manylinux1_x86_64.manylinux_2_12_x86_64.manylinux2010_x86_64.whl", hash = "sha256:8b38e088659b30c2ca0af63e5d139fad1779a7925d75075a08717a21c406c0f6"},
    {file = "SQLAlchemy-1.4.37-cp310-cp310-manylinux_2_5_x86_64.manylinux1_x86_64.manylinux_2_17_x86_64.manylinux2014_x86_64.whl", hash = "sha256:6629c79967a6c92e33fad811599adf9bc5cee6e504a1027bbf9cc1b6fb2d276d"},
    {file = "SQLAlchemy-1.4.37-cp310-cp310-win32.whl", hash = "sha256:2aac2a685feb9882d09f457f4e5586c885d578af4e97a2b759e91e8c457cbce5"},
    {file = "SQLAlchemy-1.4.37-cp310-cp310-win_amd64.whl", hash = "sha256:7a44683cf97744a405103ef8fdd31199e9d7fc41b4a67e9044523b29541662b0"},
    {file = "SQLAlchemy-1.4.37-cp36-cp36m-macosx_10_14_x86_64.whl", hash = "sha256:cffc67cdd07f0e109a1fc83e333972ae423ea5ad414585b63275b66b870ea62b"},
    {file = "SQLAlchemy-1.4.37-cp36-cp36m-manylinux_2_17_aarch64.manylinux2014_aarch64.whl", hash = "sha256:17417327b87a0f703c9a20180f75e953315207d048159aff51822052f3e33e69"},
    {file = "SQLAlchemy-1.4.37-cp36-cp36m-manylinux_2_5_x86_64.manylinux1_x86_64.manylinux_2_12_x86_64.manylinux2010_x86_64.whl", hash = "sha256:aaa0e90e527066409c2ea5676282cf4afb4a40bb9dce0f56c8ec2768bff22a6e"},
    {file = "SQLAlchemy-1.4.37-cp36-cp36m-manylinux_2_5_x86_64.manylinux1_x86_64.manylinux_2_17_x86_64.manylinux2014_x86_64.whl", hash = "sha256:4c1d9fb3931e27d59166bb5c4dcc911400fee51082cfba66ceb19ac954ade068"},
    {file = "SQLAlchemy-1.4.37-cp36-cp36m-win32.whl", hash = "sha256:0e7fd52e48e933771f177c2a1a484b06ea03774fc7741651ebdf19985a34037c"},
    {file = "SQLAlchemy-1.4.37-cp36-cp36m-win_amd64.whl", hash = "sha256:eec39a17bab3f69c44c9df4e0ed87c7306f2d2bf1eca3070af644927ec4199fa"},
    {file = "SQLAlchemy-1.4.37-cp37-cp37m-macosx_10_15_x86_64.whl", hash = "sha256:caca6acf3f90893d7712ae2c6616ecfeac3581b4cc677c928a330ce6fbad4319"},
    {file = "SQLAlchemy-1.4.37-cp37-cp37m-manylinux_2_17_aarch64.manylinux2014_aarch64.whl", hash = "sha256:50c8eaf44c3fed5ba6758d375de25f163e46137c39fda3a72b9ee1d1bb327dfc"},
    {file = "SQLAlchemy-1.4.37-cp37-cp37m-manylinux_2_5_x86_64.manylinux1_x86_64.manylinux_2_12_x86_64.manylinux2010_x86_64.whl", hash = "sha256:139c50b9384e6d32a74fc4dcd0e9717f343ed38f95dbacf832c782c68e3862f3"},
    {file = "SQLAlchemy-1.4.37-cp37-cp37m-manylinux_2_5_x86_64.manylinux1_x86_64.manylinux_2_17_x86_64.manylinux2014_x86_64.whl", hash = "sha256:d4c3b009c9220ae6e33f17b45f43fb46b9a1d281d76118405af13e26376f2e11"},
    {file = "SQLAlchemy-1.4.37-cp37-cp37m-win32.whl", hash = "sha256:9785d6f962d2c925aeb06a7539ac9d16608877da6aeaaf341984b3693ae80a02"},
    {file = "SQLAlchemy-1.4.37-cp37-cp37m-win_amd64.whl", hash = "sha256:3197441772dc3b1c6419f13304402f2418a18d7fe78000aa5a026e7100836739"},
    {file = "SQLAlchemy-1.4.37-cp38-cp38-macosx_10_15_x86_64.whl", hash = "sha256:3862a069a24f354145e01a76c7c720c263d62405fe5bed038c46a7ce900f5dd6"},
    {file = "SQLAlchemy-1.4.37-cp38-cp38-manylinux_2_17_aarch64.manylinux2014_aarch64.whl", hash = "sha256:4e8706919829d455a9fa687c6bbd1b048e36fec3919a59f2d366247c2bfdbd9c"},
    {file = "SQLAlchemy-1.4.37-cp38-cp38-manylinux_2_5_x86_64.manylinux1_x86_64.manylinux_2_12_x86_64.manylinux2010_x86_64.whl", hash = "sha256:06ec11a5e6a4b6428167d3ce33b5bd455c020c867dabe3e6951fa98836e0741d"},
    {file = "SQLAlchemy-1.4.37-cp38-cp38-manylinux_2_5_x86_64.manylinux1_x86_64.manylinux_2_17_x86_64.manylinux2014_x86_64.whl", hash = "sha256:d58f2d9d1a4b1459e8956a0153a4119da80f54ee5a9ea623cd568e99459a3ef1"},
    {file = "SQLAlchemy-1.4.37-cp38-cp38-win32.whl", hash = "sha256:d6927c9e3965b194acf75c8e0fb270b4d54512db171f65faae15ef418721996e"},
    {file = "SQLAlchemy-1.4.37-cp38-cp38-win_amd64.whl", hash = "sha256:a91d0668cada27352432f15b92ac3d43e34d8f30973fa8b86f5e9fddee928f3b"},
    {file = "SQLAlchemy-1.4.37-cp39-cp39-macosx_10_15_x86_64.whl", hash = "sha256:f9940528bf9c4df9e3c3872d23078b6b2da6431c19565637c09f1b88a427a684"},
    {file = "SQLAlchemy-1.4.37-cp39-cp39-manylinux_2_17_aarch64.manylinux2014_aarch64.whl", hash = "sha256:29a742c29fea12259f1d2a9ee2eb7fe4694a85d904a4ac66d15e01177b17ad7f"},
    {file = "SQLAlchemy-1.4.37-cp39-cp39-manylinux_2_5_x86_64.manylinux1_x86_64.manylinux_2_12_x86_64.manylinux2010_x86_64.whl", hash = "sha256:7e579d6e281cc937bdb59917017ab98e618502067e04efb1d24ac168925e1d2a"},
    {file = "SQLAlchemy-1.4.37-cp39-cp39-manylinux_2_5_x86_64.manylinux1_x86_64.manylinux_2_17_x86_64.manylinux2014_x86_64.whl", hash = "sha256:a940c551cfbd2e1e646ceea2777944425f5c3edff914bc808fe734d9e66f8d71"},
    {file = "SQLAlchemy-1.4.37-cp39-cp39-win32.whl", hash = "sha256:5e4e517ce72fad35cce364a01aff165f524449e9c959f1837dc71088afa2824c"},
    {file = "SQLAlchemy-1.4.37-cp39-cp39-win_amd64.whl", hash = "sha256:c37885f83b59e248bebe2b35beabfbea398cb40960cdc6d3a76eac863d4e1938"},
    {file = "SQLAlchemy-1.4.37.tar.gz", hash = "sha256:3688f92c62db6c5df268e2264891078f17ecb91e3141b400f2e28d0f75796dea"},
]

[package.dependencies]
greenlet = {version = "!=0.4.17", markers = "python_version >= \"3\" and platform_machine == \"aarch64\" or python_version >= \"3\" and platform_machine == \"ppc64le\" or python_version >= \"3\" and platform_machine == \"x86_64\" or python_version >= \"3\" and platform_machine == \"amd64\" or python_version >= \"3\" and platform_machine == \"AMD64\" or python_version >= \"3\" and platform_machine == \"win32\" or python_version >= \"3\" and platform_machine == \"WIN32\""}

[package.extras]
aiomysql = ["aiomysql", "greenlet (!=0.4.17)"]
aiosqlite = ["aiosqlite", "greenlet (!=0.4.17)", "typing-extensions (!=3.10.0.1)"]
asyncio = ["greenlet (!=0.4.17)"]
asyncmy = ["asyncmy (>=0.2.3,!=0.2.4)", "greenlet (!=0.4.17)"]
mariadb-connector = ["mariadb (>=1.0.1)"]
mssql = ["pyodbc"]
mssql-pymssql = ["pymssql"]
mssql-pyodbc = ["pyodbc"]
mypy = ["mypy (>=0.910)", "sqlalchemy2-stubs"]
mysql = ["mysqlclient (>=1.4.0)", "mysqlclient (>=1.4.0,<2)"]
mysql-connector = ["mysql-connector-python"]
oracle = ["cx-oracle (>=7)", "cx-oracle (>=7,<8)"]
postgresql = ["psycopg2 (>=2.7)"]
postgresql-asyncpg = ["asyncpg", "greenlet (!=0.4.17)"]
postgresql-pg8000 = ["pg8000 (>=1.16.6,!=1.29.0)"]
postgresql-psycopg2binary = ["psycopg2-binary"]
postgresql-psycopg2cffi = ["psycopg2cffi"]
pymysql = ["pymysql", "pymysql (<1)"]
sqlcipher = ["sqlcipher3-binary"]

[[package]]
name = "tomli"
version = "2.0.1"
description = "A lil' TOML parser"
category = "dev"
optional = false
python-versions = ">=3.7"
files = [
    {file = "tomli-2.0.1-py3-none-any.whl", hash = "sha256:939de3e7a6161af0c887ef91b7d41a53e7c5a1ca976325f429cb46ea9bc30ecc"},
    {file = "tomli-2.0.1.tar.gz", hash = "sha256:de526c12914f0c550d15924c62d72abc48d6fe7364aa87328337a31007fe8a4f"},
]

[metadata]
lock-version = "2.0"
python-versions = "^3.8"
content-hash = "dbce5ae31c3d889f92a430359204cd88109e09fb9d185f7e377617f62dafc67a"
